{
  "R": {
    "Version": "4.0.4",
    "Repositories": [
      {
        "Name": "CRAN",
        "URL": "https://cran.rstudio.com"
      }
    ]
  },
  "Packages": {
    "BH": {
      "Package": "BH",
      "Version": "1.75.0-0",
      "Source": "Repository",
      "Repository": "CRAN",
      "Hash": "e4c04affc2cac20c8fec18385cd14691"
    },
    "DBI": {
      "Package": "DBI",
      "Version": "1.1.1",
      "Source": "Repository",
      "Repository": "CRAN",
      "Hash": "030aaec5bc6553f35347cbb1e70b1a17"
    },
    "DT": {
      "Package": "DT",
      "Version": "0.17",
      "Source": "Repository",
      "Repository": "CRAN",
      "Hash": "56b33b77f4cffd78ff96b8e5a69eabb0"
    },
    "FactoMineR": {
      "Package": "FactoMineR",
      "Version": "2.4",
      "Source": "Repository",
      "Repository": "CRAN",
      "Hash": "e665b0fc1d3539772d857c4b3d387625"
    },
    "MASS": {
      "Package": "MASS",
      "Version": "7.3-53",
      "Source": "Repository",
      "Repository": "CRAN",
      "Hash": "d1bc1c8e9c0ace57ec9ffea01021d45f"
    },
    "Matrix": {
      "Package": "Matrix",
      "Version": "1.3-2",
      "Source": "Repository",
      "Repository": "CRAN",
      "Hash": "ff280503079ad8623d3c4b1519b24ea2"
    },
    "MatrixModels": {
      "Package": "MatrixModels",
      "Version": "0.4-1",
      "Source": "Repository",
      "Repository": "CRAN",
      "Hash": "d57ac35220b39c591388ab3a080f9cbe"
    },
    "R6": {
      "Package": "R6",
      "Version": "2.5.0",
      "Source": "Repository",
      "Repository": "CRAN",
      "Hash": "b203113193e70978a696b2809525649d"
    },
    "RColorBrewer": {
      "Package": "RColorBrewer",
      "Version": "1.1-2",
      "Source": "Repository",
      "Repository": "CRAN",
      "Hash": "e031418365a7f7a766181ab5a41a5716"
    },
    "Rcpp": {
      "Package": "Rcpp",
      "Version": "1.0.6",
      "Source": "Repository",
      "Repository": "CRAN",
      "Hash": "dbb5e436998a7eba5a9d682060533338"
    },
    "RcppArmadillo": {
      "Package": "RcppArmadillo",
      "Version": "0.10.2.1.0",
      "Source": "Repository",
      "Repository": "CRAN",
      "Hash": "a2de53472129933a29975e7cfa3ffe28"
    },
    "RcppEigen": {
      "Package": "RcppEigen",
      "Version": "0.3.3.9.1",
      "Source": "Repository",
      "Repository": "CRAN",
      "Hash": "ddfa72a87fdf4c80466a20818be91d00"
    },
    "Rttf2pt1": {
      "Package": "Rttf2pt1",
      "Version": "1.3.8",
      "Source": "Repository",
      "Repository": "CRAN",
      "Hash": "8c4137a9ab70de4787d57758f8190617"
    },
    "SnowballC": {
      "Package": "SnowballC",
      "Version": "0.7.0",
      "Source": "Repository",
      "Repository": "CRAN",
      "Hash": "bc26e07c0d747fd287c370fe355e7b85"
    },
    "SparseM": {
      "Package": "SparseM",
      "Version": "1.78",
      "Source": "Repository",
      "Repository": "CRAN",
      "Hash": "fbe4ac267bf42a91e495cc68ad3f8b63"
    },
    "XML": {
      "Package": "XML",
      "Version": "3.99-0.5",
      "Source": "Repository",
      "Repository": "CRAN",
      "Hash": "408d42d1359f2a84d377c1f7f0568624"
    },
    "abind": {
      "Package": "abind",
      "Version": "1.4-5",
      "Source": "Repository",
      "Repository": "CRAN",
      "Hash": "4f57884290cc75ab22f4af9e9d4ca862"
    },
    "askpass": {
      "Package": "askpass",
      "Version": "1.1",
      "Source": "Repository",
      "Repository": "CRAN",
      "Hash": "e8a22846fff485f0be3770c2da758713"
    },
    "assertthat": {
      "Package": "assertthat",
      "Version": "0.2.1",
      "Source": "Repository",
      "Repository": "CRAN",
      "Hash": "50c838a310445e954bc13f26f26a6ecf"
    },
    "backports": {
      "Package": "backports",
      "Version": "1.2.1",
      "Source": "Repository",
      "Repository": "CRAN",
      "Hash": "644043219fc24e190c2f620c1a380a69"
    },
    "base64enc": {
      "Package": "base64enc",
      "Version": "0.1-3",
      "Source": "Repository",
      "Repository": "CRAN",
      "Hash": "543776ae6848fde2f48ff3816d0628bc"
    },
    "bibliometrix": {
      "Package": "bibliometrix",
      "Version": "3.0.4",
      "Source": "Repository",
      "Repository": "CRAN",
      "Hash": "1e62b2f2a4a91340802ff1b092e3522a"
    },
    "bibliometrixData": {
      "Package": "bibliometrixData",
      "Version": "0.1.0",
      "Source": "Repository",
      "Repository": "CRAN",
      "Hash": "6bce95f1239a3bf9a0ff3e7ccbfbff24"
    },
    "blob": {
      "Package": "blob",
      "Version": "1.2.1",
      "Source": "Repository",
      "Repository": "CRAN",
      "Hash": "9addc7e2c5954eca5719928131fed98c"
    },
    "boot": {
      "Package": "boot",
      "Version": "1.3-26",
      "Source": "Repository",
      "Repository": "CRAN",
      "Hash": "b25485f57dee55a6190e008f66654907"
    },
    "brio": {
      "Package": "brio",
      "Version": "1.1.1",
      "Source": "Repository",
      "Repository": "CRAN",
      "Hash": "36758510e65a457efeefa50e1e7f0576"
    },
    "broom": {
      "Package": "broom",
      "Version": "0.7.5",
      "Source": "Repository",
      "Repository": "CRAN",
      "Hash": "d5ab8846336cfb2e3c17e5a806eb3045"
    },
    "bslib": {
      "Package": "bslib",
      "Version": "0.2.4",
      "Source": "Repository",
      "Repository": "CRAN",
      "Hash": "4830a372b241d78ed6f53731ee3023ac"
    },
    "cachem": {
      "Package": "cachem",
      "Version": "1.0.4",
      "Source": "Repository",
      "Repository": "CRAN",
      "Hash": "2703a46dcabfb902f10060b2bca9f708"
    },
    "callr": {
      "Package": "callr",
      "Version": "3.5.1",
      "Source": "Repository",
      "Repository": "CRAN",
      "Hash": "b7d7f1e926dfcd57c74ce93f5c048e80"
    },
    "car": {
      "Package": "car",
      "Version": "3.0-10",
      "Source": "Repository",
      "Repository": "CRAN",
      "Hash": "12d8cdaf73c30b8c8cb7a22591a3f57d"
    },
    "carData": {
      "Package": "carData",
      "Version": "3.0-4",
      "Source": "Repository",
      "Repository": "CRAN",
      "Hash": "7ff5c94cec207b3fd9774cfaa5157738"
    },
    "cellranger": {
      "Package": "cellranger",
      "Version": "1.1.0",
      "Source": "Repository",
      "Repository": "CRAN",
      "Hash": "f61dbaec772ccd2e17705c1e872e9e7c"
    },
    "cli": {
      "Package": "cli",
      "Version": "2.3.1",
      "Source": "Repository",
      "Repository": "CRAN",
      "Hash": "3e3f28efcadfda442cd18651fbcbbecf"
    },
    "clipr": {
      "Package": "clipr",
      "Version": "0.7.1",
      "Source": "Repository",
      "Repository": "CRAN",
      "Hash": "ebaa97ac99cc2daf04e77eecc7b781d7"
    },
    "cluster": {
      "Package": "cluster",
      "Version": "2.1.0",
      "Source": "Repository",
      "Repository": "CRAN",
      "Hash": "db63a44aab5aadcb6bf2f129751d129a"
    },
    "colorspace": {
      "Package": "colorspace",
      "Version": "2.0-0",
      "Source": "Repository",
      "Repository": "CRAN",
      "Hash": "abea3384649ef37f60ef51ce002f3547"
    },
    "commonmark": {
      "Package": "commonmark",
      "Version": "1.7",
      "Source": "Repository",
      "Repository": "CRAN",
      "Hash": "0f22be39ec1d141fd03683c06f3a6e67"
    },
    "conquer": {
      "Package": "conquer",
      "Version": "1.0.2",
      "Source": "Repository",
      "Repository": "CRAN",
      "Hash": "a31720f692920e635ecef0481d478247"
    },
    "corrplot": {
      "Package": "corrplot",
      "Version": "0.84",
      "Source": "Repository",
      "Repository": "CRAN",
      "Hash": "b55c32ae818a84109a51f172290c95f2"
    },
    "countrycode": {
      "Package": "countrycode",
      "Version": "1.2.0",
      "Source": "Repository",
      "Repository": "CRAN",
      "Hash": "c46036853ef73486af84ec5dc5b2443f"
    },
    "cowplot": {
      "Package": "cowplot",
      "Version": "1.1.1",
      "Source": "Repository",
      "Repository": "CRAN",
      "Hash": "b418e8423699d11c7f2087c2bfd07da2"
    },
    "cpp11": {
      "Package": "cpp11",
      "Version": "0.2.6",
      "Source": "Repository",
      "Repository": "CRAN",
      "Hash": "f08909ebdad90b19d8d3930da4220564"
    },
    "crayon": {
      "Package": "crayon",
      "Version": "1.4.1",
      "Source": "Repository",
      "Repository": "CRAN",
      "Hash": "e75525c55c70e5f4f78c9960a4b402e9"
    },
    "crosstalk": {
      "Package": "crosstalk",
      "Version": "1.1.1",
      "Source": "Repository",
      "Repository": "CRAN",
      "Hash": "2b06f9e415a62b6762e4b8098d2aecbc"
    },
    "curl": {
      "Package": "curl",
      "Version": "4.3",
      "Source": "Repository",
      "Repository": "CRAN",
      "Hash": "2b7d10581cc730804e9ed178c8374bd6"
    },
    "data.table": {
      "Package": "data.table",
      "Version": "1.14.0",
      "Source": "Repository",
      "Repository": "CRAN",
      "Hash": "d1b8b1a821ee564a3515fa6c6d5c52dc"
    },
    "dbplyr": {
      "Package": "dbplyr",
      "Version": "2.1.0",
      "Source": "Repository",
      "Repository": "CRAN",
      "Hash": "f30247ffeeebe8d9842dc68fe63e043b"
    },
    "dendextend": {
      "Package": "dendextend",
      "Version": "1.14.0",
      "Source": "Repository",
      "Repository": "CRAN",
      "Hash": "b5f300c8b1a2b61a4762ad1a4488ce0f"
    },
    "desc": {
      "Package": "desc",
      "Version": "1.2.0",
      "Source": "Repository",
      "Repository": "CRAN",
      "Hash": "6c8fe8fa26a23b79949375d372c7b395"
    },
    "diffobj": {
      "Package": "diffobj",
      "Version": "0.3.3",
      "Source": "Repository",
      "Repository": "CRAN",
      "Hash": "55fae7ec1418d2a47bd552571673d1af"
    },
    "digest": {
      "Package": "digest",
      "Version": "0.6.27",
      "Source": "Repository",
      "Repository": "CRAN",
      "Hash": "a0cbe758a531d054b537d16dff4d58a1"
    },
    "dimensionsR": {
      "Package": "dimensionsR",
      "Version": "0.0.2",
      "Source": "Repository",
      "Repository": "CRAN",
      "Hash": "7b6305bfa9707d92931dc8bb5763e26d"
    },
    "dplyr": {
      "Package": "dplyr",
      "Version": "1.0.4",
      "Source": "Repository",
      "Repository": "CRAN",
      "Hash": "01c82e3b053eb7660a8ace8d932265b8"
    },
    "ellipse": {
      "Package": "ellipse",
      "Version": "0.4.2",
      "Source": "Repository",
      "Repository": "CRAN",
      "Hash": "bfa61f1a00c0d30b86bf13d35748e24c"
    },
    "ellipsis": {
      "Package": "ellipsis",
      "Version": "0.3.1",
      "Source": "Repository",
      "Repository": "CRAN",
      "Hash": "fd2844b3a43ae2d27e70ece2df1b4e2a"
    },
    "evaluate": {
      "Package": "evaluate",
      "Version": "0.14",
      "Source": "Repository",
      "Repository": "CRAN",
      "Hash": "ec8ca05cffcc70569eaaad8469d2a3a7"
    },
    "extrafont": {
      "Package": "extrafont",
      "Version": "0.17",
      "Source": "Repository",
      "Repository": "CRAN",
      "Hash": "7f2f50e8f998a4bea4b04650fc4f2ca8"
    },
    "extrafontdb": {
      "Package": "extrafontdb",
      "Version": "1.0",
      "Source": "Repository",
      "Repository": "CRAN",
      "Hash": "a861555ddec7451c653b40e713166c6f"
    },
    "factoextra": {
      "Package": "factoextra",
      "Version": "1.0.7",
      "Source": "Repository",
      "Repository": "CRAN",
      "Hash": "e95f1aed34b3f0a15a0c308175ee4c80"
    },
    "fansi": {
      "Package": "fansi",
      "Version": "0.4.2",
      "Source": "Repository",
      "Repository": "CRAN",
      "Hash": "fea074fb67fe4c25d47ad09087da847d"
    },
    "farver": {
      "Package": "farver",
      "Version": "2.1.0",
      "Source": "Repository",
      "Repository": "CRAN",
      "Hash": "c98eb5133d9cb9e1622b8691487f11bb"
    },
    "fastmap": {
      "Package": "fastmap",
      "Version": "1.1.0",
      "Source": "Repository",
      "Repository": "CRAN",
      "Hash": "77bd60a6157420d4ffa93b27cf6a58b8"
    },
    "flashClust": {
      "Package": "flashClust",
      "Version": "1.01-2",
      "Source": "Repository",
      "Repository": "CRAN",
      "Hash": "09fb526c49460c4933bc077db6eba924"
    },
    "forcats": {
      "Package": "forcats",
      "Version": "0.5.1",
      "Source": "Repository",
      "Repository": "CRAN",
      "Hash": "81c3244cab67468aac4c60550832655d"
    },
    "foreign": {
      "Package": "foreign",
      "Version": "0.8-81",
      "Source": "Repository",
      "Repository": "CRAN",
      "Hash": "74628ea7a3be5ee8a7b5bb0a8e84882e"
    },
    "fs": {
      "Package": "fs",
      "Version": "1.5.0",
      "Source": "Repository",
      "Repository": "CRAN",
      "Hash": "44594a07a42e5f91fac9f93fda6d0109"
    },
    "generics": {
      "Package": "generics",
      "Version": "0.1.0",
      "Source": "Repository",
      "Repository": "CRAN",
      "Hash": "4d243a9c10b00589889fe32314ffd902"
    },
    "ggforce": {
      "Package": "ggforce",
      "Version": "0.3.2",
      "Source": "Repository",
      "Repository": "CRAN",
      "Hash": "4adaf6b01b41f243ba0c62801de3331e"
    },
    "ggplot2": {
      "Package": "ggplot2",
      "Version": "3.3.3",
      "Source": "Repository",
      "Repository": "CRAN",
      "Hash": "3eb6477d01eb5bbdc03f7d5f70f2733e"
    },
    "ggpubr": {
      "Package": "ggpubr",
      "Version": "0.4.0",
      "Source": "Repository",
      "Repository": "CRAN",
      "Hash": "77089557d374c69db7cb77e65f0d6ab0"
    },
    "ggraph": {
      "Package": "ggraph",
      "Version": "2.0.5",
      "Source": "Repository",
      "Repository": "CRAN",
      "Hash": "bb52a023e912142b8970ba883dd3b706"
    },
    "ggrepel": {
      "Package": "ggrepel",
      "Version": "0.9.1",
      "Source": "Repository",
      "Repository": "CRAN",
      "Hash": "08ab869f37e6a7741a64ab9069bcb67d"
    },
    "ggsci": {
      "Package": "ggsci",
      "Version": "2.9",
      "Source": "Repository",
      "Repository": "CRAN",
      "Hash": "81ccb8213ed592598210afd10c3a5936"
    },
    "ggsignif": {
      "Package": "ggsignif",
      "Version": "0.6.1",
      "Source": "Repository",
      "Repository": "CRAN",
      "Hash": "6770aac2203800889cccd6aee7f206a7"
    },
    "glue": {
      "Package": "glue",
      "Version": "1.4.2",
      "Source": "Repository",
      "Repository": "CRAN",
      "Hash": "6efd734b14c6471cfe443345f3e35e29"
    },
    "graphlayouts": {
      "Package": "graphlayouts",
      "Version": "0.7.1",
      "Source": "Repository",
      "Repository": "CRAN",
      "Hash": "2a0d18b9395cd27066d209b83bb29ea6"
    },
    "gridExtra": {
      "Package": "gridExtra",
      "Version": "2.3",
      "Source": "Repository",
      "Repository": "CRAN",
      "Hash": "7d7f283939f563670a697165b2cf5560"
    },
    "gtable": {
      "Package": "gtable",
      "Version": "0.3.0",
      "Source": "Repository",
      "Repository": "CRAN",
      "Hash": "ac5c6baf7822ce8732b343f14c072c4d"
    },
    "hablar": {
      "Package": "hablar",
      "Version": "0.3.0",
      "Source": "Repository",
      "Repository": "CRAN",
      "Hash": "58ca0f8fff30f57b9ec11fecf673f8ac"
    },
    "haven": {
      "Package": "haven",
      "Version": "2.3.1",
      "Source": "Repository",
      "Repository": "CRAN",
      "Hash": "221d0ad75dfa03ebf17b1a4cc5c31dfc"
    },
    "highr": {
      "Package": "highr",
      "Version": "0.8",
      "Source": "Repository",
      "Repository": "CRAN",
      "Hash": "4dc5bb88961e347a0f4d8aad597cbfac"
    },
    "hms": {
      "Package": "hms",
      "Version": "1.0.0",
      "Source": "Repository",
      "Repository": "CRAN",
      "Hash": "bf552cdd96f5969873afdac7311c7d0d"
    },
    "htmltools": {
      "Package": "htmltools",
      "Version": "0.5.1.1",
      "Source": "Repository",
      "Repository": "CRAN",
      "Hash": "af2c2531e55df5cf230c4b5444fc973c"
    },
    "htmlwidgets": {
      "Package": "htmlwidgets",
      "Version": "1.5.3",
      "Source": "Repository",
      "Repository": "CRAN",
      "Hash": "6fdaa86d0700f8b3e92ee3c445a5a10d"
    },
    "httpuv": {
      "Package": "httpuv",
      "Version": "1.5.5",
      "Source": "Repository",
      "Repository": "CRAN",
      "Hash": "b9d5d39be2150cf86538b8488334b8f8"
    },
    "httr": {
      "Package": "httr",
      "Version": "1.4.2",
      "Source": "Repository",
      "Repository": "CRAN",
      "Hash": "a525aba14184fec243f9eaec62fbed43"
    },
    "igraph": {
      "Package": "igraph",
      "Version": "1.2.6",
      "Source": "Repository",
      "Repository": "CRAN",
      "Hash": "7b1f856410253d56ea67ad808f7cdff6"
    },
    "isoband": {
      "Package": "isoband",
      "Version": "0.2.3",
      "Source": "Repository",
      "Repository": "CRAN",
      "Hash": "53647fb507373700028b2ce6cd30751a"
    },
    "jquerylib": {
      "Package": "jquerylib",
      "Version": "0.1.3",
      "Source": "Repository",
      "Repository": "CRAN",
      "Hash": "5ff50b36f7f0832f8421745af333e73c"
    },
    "jsonlite": {
      "Package": "jsonlite",
      "Version": "1.7.2",
      "Source": "Repository",
      "Repository": "CRAN",
      "Hash": "98138e0994d41508c7a6b84a0600cfcb"
    },
    "knitr": {
      "Package": "knitr",
      "Version": "1.31",
      "Source": "Repository",
      "Repository": "CRAN",
      "Hash": "c3994c036d19fc22c5e2a209c8298bfb"
    },
    "labeling": {
      "Package": "labeling",
      "Version": "0.4.2",
      "Source": "Repository",
      "Repository": "CRAN",
      "Hash": "3d5108641f47470611a32d0bdf357a72"
    },
    "later": {
      "Package": "later",
      "Version": "1.1.0.1",
      "Source": "Repository",
      "Repository": "CRAN",
      "Hash": "d0a62b247165aabf397fded504660d8a"
    },
    "lattice": {
      "Package": "lattice",
      "Version": "0.20-41",
      "Source": "Repository",
      "Repository": "CRAN",
      "Hash": "fbd9285028b0263d76d18c95ae51a53d"
    },
    "lazyeval": {
      "Package": "lazyeval",
      "Version": "0.2.2",
      "Source": "Repository",
      "Repository": "CRAN",
      "Hash": "d908914ae53b04d4c0c0fd72ecc35370"
    },
    "leaps": {
      "Package": "leaps",
      "Version": "3.1",
      "Source": "Repository",
      "Repository": "CRAN",
      "Hash": "e7023edcf59fd695d92eb01a7f37f991"
    },
    "lifecycle": {
      "Package": "lifecycle",
      "Version": "1.0.0",
      "Source": "Repository",
      "Repository": "CRAN",
      "Hash": "3471fb65971f1a7b2d4ae7848cf2db8d"
    },
    "lme4": {
      "Package": "lme4",
      "Version": "1.1-26",
      "Source": "Repository",
      "Repository": "CRAN",
      "Hash": "5f2466f5127e0ce67e44bb381387eeca"
    },
    "lubridate": {
      "Package": "lubridate",
      "Version": "1.7.10",
      "Source": "Repository",
      "Repository": "CRAN",
      "Hash": "1ebfdc8a3cfe8fe19184f5481972b092"
    },
    "magrittr": {
      "Package": "magrittr",
      "Version": "2.0.1",
      "Source": "Repository",
      "Repository": "CRAN",
      "Hash": "41287f1ac7d28a92f0a286ed507928d3"
    },
    "maps": {
      "Package": "maps",
      "Version": "3.3.0",
      "Source": "Repository",
      "Repository": "CRAN",
      "Hash": "392212982257ea03c37b63547dc871b4"
    },
    "maptools": {
      "Package": "maptools",
      "Version": "1.0-2",
      "Source": "Repository",
      "Repository": "CRAN",
      "Hash": "1cb5cb7bbab76318944e3794ff2512ae"
    },
    "markdown": {
      "Package": "markdown",
      "Version": "1.1",
      "Source": "Repository",
      "Repository": "CRAN",
      "Hash": "61e4a10781dd00d7d81dd06ca9b94e95"
    },
    "matrixStats": {
      "Package": "matrixStats",
      "Version": "0.58.0",
      "Source": "Repository",
      "Repository": "CRAN",
      "Hash": "c318d148056e5bb8d7de79b0876f9ae6"
    },
    "mgcv": {
      "Package": "mgcv",
      "Version": "1.8-33",
      "Source": "Repository",
      "Repository": "CRAN",
      "Hash": "eb7b6439bc6d812eed2cddba5edc6be3"
    },
    "mime": {
      "Package": "mime",
      "Version": "0.10",
      "Source": "Repository",
      "Repository": "CRAN",
      "Hash": "26fa77e707223e1ce042b2b5d09993dc"
    },
    "minqa": {
      "Package": "minqa",
      "Version": "1.2.4",
      "Source": "Repository",
      "Repository": "CRAN",
      "Hash": "eaee7d2a6f3ed4491df868611cb064cc"
    },
    "modelr": {
      "Package": "modelr",
      "Version": "0.1.8",
      "Source": "Repository",
      "Repository": "CRAN",
      "Hash": "9fd59716311ee82cba83dc2826fc5577"
    },
    "munsell": {
      "Package": "munsell",
      "Version": "0.5.0",
      "Source": "Repository",
      "Repository": "CRAN",
      "Hash": "6dfe8bf774944bd5595785e3229d8771"
    },
    "networkD3": {
      "Package": "networkD3",
      "Version": "0.4",
      "Source": "Repository",
      "Repository": "CRAN",
      "Hash": "38310ec4ddb1398359abdd603c151067"
    },
    "nlme": {
      "Package": "nlme",
      "Version": "3.1-152",
      "Source": "Repository",
      "Repository": "CRAN",
      "Hash": "35de1ce639f20b5e10f7f46260730c65"
    },
    "nloptr": {
      "Package": "nloptr",
      "Version": "1.2.2.2",
      "Source": "Repository",
      "Repository": "CRAN",
      "Hash": "2737faeee353704efec5afa1e943dd64"
    },
    "nnet": {
      "Package": "nnet",
      "Version": "7.3-15",
      "Source": "Repository",
      "Repository": "CRAN",
      "Hash": "b67ac021b3fb3a4b69d0d3c2bc049e9f"
    },
    "numDeriv": {
      "Package": "numDeriv",
      "Version": "2016.8-1.1",
      "Source": "Repository",
      "Repository": "CRAN",
      "Hash": "df58958f293b166e4ab885ebcad90e02"
    },
    "openssl": {
      "Package": "openssl",
      "Version": "1.4.3",
      "Source": "Repository",
      "Repository": "CRAN",
      "Hash": "a399e4773075fc2375b71f45fca186c4"
    },
    "openxlsx": {
      "Package": "openxlsx",
      "Version": "4.2.3",
      "Source": "Repository",
      "Repository": "CRAN",
      "Hash": "2253a430965e222d11a2f9277cd34c2e"
    },
    "pbkrtest": {
      "Package": "pbkrtest",
      "Version": "0.5-0.1",
      "Source": "Repository",
      "Repository": "CRAN",
      "Hash": "e4c9df9e478e08a32c27a406ce8fba90"
    },
    "pillar": {
      "Package": "pillar",
      "Version": "1.5.0",
      "Source": "Repository",
      "Repository": "CRAN",
      "Hash": "39a778e4e487ded8b1bf5bb617c567b3"
    },
    "pkgbuild": {
      "Package": "pkgbuild",
      "Version": "1.2.0",
      "Source": "Repository",
      "Repository": "CRAN",
      "Hash": "725fcc30222d4d11ec68efb8ff11a9af"
    },
    "pkgconfig": {
      "Package": "pkgconfig",
      "Version": "2.0.3",
      "Source": "Repository",
      "Repository": "CRAN",
      "Hash": "01f28d4278f15c76cddbea05899c5d6f"
    },
    "pkgload": {
      "Package": "pkgload",
      "Version": "1.2.0",
      "Source": "Repository",
      "Repository": "CRAN",
      "Hash": "cb57de933545960a86f03513e4bd2911"
    },
    "plotly": {
      "Package": "plotly",
      "Version": "4.9.3",
      "Source": "Repository",
      "Repository": "CRAN",
      "Hash": "f6b85d9e4ed88074ea0ede1aa74bb00e"
    },
    "plyr": {
      "Package": "plyr",
      "Version": "1.8.6",
      "Source": "Repository",
      "Repository": "CRAN",
      "Hash": "ec0e5ab4e5f851f6ef32cd1d1984957f"
    },
    "polyclip": {
      "Package": "polyclip",
      "Version": "1.10-0",
      "Source": "Repository",
      "Repository": "CRAN",
      "Hash": "cb167f328b3ada4ec5cf67a7df4c900a"
    },
    "polynom": {
      "Package": "polynom",
      "Version": "1.4-0",
      "Source": "Repository",
      "Repository": "CRAN",
      "Hash": "c396592ecfe9e75cee1013533efafe34"
    },
    "praise": {
      "Package": "praise",
      "Version": "1.0.0",
      "Source": "Repository",
      "Repository": "CRAN",
      "Hash": "a555924add98c99d2f411e37e7d25e9f"
    },
    "prettyunits": {
      "Package": "prettyunits",
      "Version": "1.1.1",
      "Source": "Repository",
      "Repository": "CRAN",
      "Hash": "95ef9167b75dde9d2ccc3c7528393e7e"
    },
    "processx": {
      "Package": "processx",
      "Version": "3.4.5",
      "Source": "Repository",
      "Repository": "CRAN",
      "Hash": "22aab6098cb14edd0a5973a8438b569b"
    },
    "progress": {
      "Package": "progress",
      "Version": "1.2.2",
      "Source": "Repository",
      "Repository": "CRAN",
      "Hash": "14dc9f7a3c91ebb14ec5bb9208a07061"
    },
    "promises": {
      "Package": "promises",
      "Version": "1.2.0.1",
      "Source": "Repository",
      "Repository": "CRAN",
      "Hash": "4ab2c43adb4d4699cf3690acd378d75d"
    },
    "ps": {
      "Package": "ps",
      "Version": "1.6.0",
      "Source": "Repository",
      "Repository": "CRAN",
      "Hash": "32620e2001c1dce1af49c49dccbb9420"
    },
    "pubmedR": {
      "Package": "pubmedR",
      "Version": "0.0.3",
      "Source": "Repository",
      "Repository": "CRAN",
      "Hash": "5ea07714678e80a607187eefc215cd35"
    },
    "purrr": {
      "Package": "purrr",
      "Version": "0.3.4",
      "Source": "Repository",
      "Repository": "CRAN",
      "Hash": "97def703420c8ab10d8f0e6c72101e02"
    },
    "quantreg": {
      "Package": "quantreg",
      "Version": "5.85",
      "Source": "Repository",
      "Repository": "CRAN",
      "Hash": "d41a5849071941c6c269b57324515398"
    },
    "rappdirs": {
      "Package": "rappdirs",
      "Version": "0.3.3",
      "Source": "Repository",
      "Repository": "CRAN",
      "Hash": "5e3c5dc0b071b21fa128676560dbe94d"
    },
    "readr": {
      "Package": "readr",
      "Version": "1.4.0",
      "Source": "Repository",
      "Repository": "CRAN",
      "Hash": "2639976851f71f330264a9c9c3d43a61"
    },
    "readxl": {
      "Package": "readxl",
      "Version": "1.3.1",
      "Source": "Repository",
      "Repository": "CRAN",
      "Hash": "63537c483c2dbec8d9e3183b3735254a"
    },
    "rematch": {
      "Package": "rematch",
      "Version": "1.0.1",
      "Source": "Repository",
      "Repository": "CRAN",
      "Hash": "c66b930d20bb6d858cd18e1cebcfae5c"
    },
    "rematch2": {
      "Package": "rematch2",
      "Version": "2.1.2",
      "Source": "Repository",
      "Repository": "CRAN",
      "Hash": "76c9e04c712a05848ae7a23d2f170a40"
    },
    "rentrez": {
      "Package": "rentrez",
      "Version": "1.2.3",
      "Source": "Repository",
      "Repository": "CRAN",
      "Hash": "90e6d8dc1b2fe96d0753a94943cf604d"
    },
    "renv": {
      "Package": "renv",
      "Version": "0.13.0",
      "Source": "Repository",
      "Repository": "CRAN",
      "Hash": "9f10d9db5b50400c348920c5c603385e"
    },
    "reprex": {
      "Package": "reprex",
      "Version": "1.0.0",
      "Source": "Repository",
      "Repository": "CRAN",
      "Hash": "cb4d6f77f163b8d685833f2a59e7cb4c"
    },
    "reshape2": {
      "Package": "reshape2",
      "Version": "1.4.4",
      "Source": "Repository",
      "Repository": "CRAN",
      "Hash": "bb5996d0bd962d214a11140d77589917"
    },
    "rio": {
      "Package": "rio",
      "Version": "0.5.26",
      "Source": "Repository",
      "Repository": "CRAN",
      "Hash": "a83d5939c0e7478cdf53da1da16eaedc"
    },
    "rlang": {
      "Package": "rlang",
      "Version": "0.4.10",
      "Source": "Repository",
      "Repository": "CRAN",
      "Hash": "599df23c40a4fce9c7b4764f28c37857"
    },
    "rmarkdown": {
      "Package": "rmarkdown",
      "Version": "2.7",
      "Source": "Repository",
      "Repository": "CRAN",
      "Hash": "edbf4cb1aefae783fd8d3a008ae51943"
    },
    "rprojroot": {
      "Package": "rprojroot",
      "Version": "2.0.2",
      "Source": "Repository",
      "Repository": "CRAN",
      "Hash": "249d8cd1e74a8f6a26194a91b47f21d1"
    },
    "rscopus": {
      "Package": "rscopus",
      "Version": "0.6.6",
      "Source": "Repository",
      "Repository": "CRAN",
      "Hash": "f61cb29ba3a155b720f8adaad30afefb"
    },
    "rstatix": {
      "Package": "rstatix",
      "Version": "0.6.0",
      "Source": "Repository",
      "Repository": "CRAN",
      "Hash": "7eb4d25cb9f8183f0c9e19704a3cf681"
    },
    "rstudioapi": {
      "Package": "rstudioapi",
      "Version": "0.13",
      "Source": "Repository",
      "Repository": "CRAN",
      "Hash": "06c85365a03fdaf699966cc1d3cf53ea"
    },
    "rvest": {
      "Package": "rvest",
      "Version": "0.3.6",
      "Source": "Repository",
      "Repository": "CRAN",
      "Hash": "a9795ccb2d608330e841998b67156764"
    },
    "sass": {
      "Package": "sass",
      "Version": "0.3.1",
      "Source": "Repository",
      "Repository": "CRAN",
      "Hash": "3ef1adfe46b7b144b970d74ce33ab0d6"
    },
    "scales": {
      "Package": "scales",
      "Version": "1.1.1",
      "Source": "Repository",
      "Repository": "CRAN",
      "Hash": "6f76f71042411426ec8df6c54f34e6dd"
    },
    "scatterplot3d": {
      "Package": "scatterplot3d",
      "Version": "0.3-41",
      "Source": "Repository",
      "Repository": "CRAN",
      "Hash": "0d3e8c286b735517c2df4ed48848e732"
    },
    "selectr": {
      "Package": "selectr",
      "Version": "0.4-2",
      "Source": "Repository",
      "Repository": "CRAN",
      "Hash": "3838071b66e0c566d55cc26bd6e27bf4"
    },
    "shiny": {
      "Package": "shiny",
      "Version": "1.6.0",
      "Source": "Repository",
      "Repository": "CRAN",
      "Hash": "6e3b6ae7fe02b5859e4bb277f218b8ae"
    },
    "sourcetools": {
      "Package": "sourcetools",
      "Version": "0.1.7",
      "Source": "Repository",
      "Repository": "CRAN",
      "Hash": "947e4e02a79effa5d512473e10f41797"
    },
    "sp": {
      "Package": "sp",
      "Version": "1.4-5",
      "Source": "Repository",
      "Repository": "CRAN",
      "Hash": "dfd843ee98246cf932823acf613b05dd"
    },
    "statmod": {
      "Package": "statmod",
      "Version": "1.4.35",
      "Source": "Repository",
      "Repository": "CRAN",
      "Hash": "53c27113461e8abbe2dc7125e22b2a39"
    },
    "stringdist": {
      "Package": "stringdist",
      "Version": "0.9.6.3",
      "Source": "Repository",
      "Repository": "CRAN",
      "Hash": "1ab14e88df14b856dd4d2e34a80c0ba6"
    },
    "stringi": {
      "Package": "stringi",
      "Version": "1.5.3",
      "Source": "Repository",
      "Repository": "CRAN",
      "Hash": "a063ebea753c92910a4cca7b18bc1f05"
    },
    "stringr": {
      "Package": "stringr",
      "Version": "1.4.0",
      "Source": "Repository",
      "Repository": "CRAN",
      "Hash": "0759e6b6c0957edb1311028a49a35e76"
    },
    "sys": {
      "Package": "sys",
      "Version": "3.4",
      "Source": "Repository",
      "Repository": "CRAN",
      "Hash": "b227d13e29222b4574486cfcbde077fa"
    },
    "testthat": {
      "Package": "testthat",
      "Version": "3.0.1",
      "Source": "Repository",
      "Repository": "CRAN",
      "Hash": "17826764cb92d8b5aae6619896e5a161"
    },
    "tibble": {
      "Package": "tibble",
      "Version": "3.0.6",
      "Source": "Repository",
      "Repository": "CRAN",
      "Hash": "9c6c10e594f32096ede0c7d373ccbddd"
    },
    "tidygraph": {
      "Package": "tidygraph",
      "Version": "1.2.0",
      "Source": "Repository",
      "Repository": "CRAN",
      "Hash": "5375980d0787633ca62c265b28bedb41"
    },
    "tidyr": {
      "Package": "tidyr",
      "Version": "1.1.2",
      "Source": "Repository",
      "Repository": "CRAN",
      "Hash": "c40b2d5824d829190f4b825f4496dfae"
    },
    "tidyselect": {
      "Package": "tidyselect",
      "Version": "1.1.0",
      "Source": "Repository",
      "Repository": "CRAN",
      "Hash": "6ea435c354e8448819627cf686f66e0a"
    },
    "tidyverse": {
      "Package": "tidyverse",
      "Version": "1.3.0",
      "Source": "Repository",
      "Repository": "CRAN",
      "Hash": "bd51be662f359fa99021f3d51e911490"
    },
    "tinytex": {
      "Package": "tinytex",
      "Version": "0.30",
      "Source": "Repository",
      "Repository": "CRAN",
      "Hash": "066f49a225dc3215cb1f32bc23535f88"
    },
    "tweenr": {
      "Package": "tweenr",
      "Version": "1.0.1",
      "Source": "Repository",
      "Repository": "CRAN",
      "Hash": "fc77eb5297507cccfa3349a606061030"
    },
    "utf8": {
      "Package": "utf8",
      "Version": "1.1.4",
      "Source": "Repository",
      "Repository": "CRAN",
      "Hash": "4a5081acfb7b81a572e4384a7aaf2af1"
    },
    "vctrs": {
      "Package": "vctrs",
      "Version": "0.3.6",
      "Source": "Repository",
      "Repository": "CRAN",
      "Hash": "5cf1957f93076c19fdc81d01409d240b"
    },
    "viridis": {
      "Package": "viridis",
      "Version": "0.5.1",
      "Source": "Repository",
      "Repository": "CRAN",
      "Hash": "6f6b49e5b3b5ee5a6d0c28bf1b4b9eb3"
    },
    "viridisLite": {
      "Package": "viridisLite",
      "Version": "0.3.0",
      "Source": "Repository",
      "Repository": "CRAN",
      "Hash": "ce4f6271baa94776db692f1cb2055bee"
    },
    "waldo": {
      "Package": "waldo",
      "Version": "0.2.4",
      "Source": "Repository",
      "Repository": "CRAN",
      "Hash": "29df52c781e572c967f90de9713423c4"
    },
    "withr": {
      "Package": "withr",
      "Version": "2.4.1",
      "Source": "Repository",
      "Repository": "CRAN",
      "Hash": "caf4781c674ffa549a4676d2d77b13cc"
    },
    "xfun": {
      "Package": "xfun",
      "Version": "0.21",
      "Source": "Repository",
      "Repository": "CRAN",
      "Hash": "f3ddcca198959a42e8cb6b06c30d4f1e"
    },
    "xml2": {
      "Package": "xml2",
      "Version": "1.3.2",
      "Source": "Repository",
      "Repository": "CRAN",
      "Hash": "d4d71a75dd3ea9eb5fa28cc21f9585e2"
    },
    "xtable": {
      "Package": "xtable",
      "Version": "1.8-4",
      "Source": "Repository",
      "Repository": "CRAN",
      "Hash": "b8acdf8af494d9ec19ccb2481a9b11c2"
    },
    "yaml": {
      "Package": "yaml",
      "Version": "2.2.1",
      "Source": "Repository",
      "Repository": "CRAN",
      "Hash": "2826c5d9efb0a88f657c7a679c7106db"
    },
    "zip": {
      "Package": "zip",
      "Version": "2.1.1",
      "Source": "Repository",
      "Repository": "CRAN",
      "Hash": "3bc8405c637d988801ec5ea88372d0c2"
    }
  }
}
